
Microsoft Visual Studio Solution File, Format Version 12.00
# Visual Studio Version 17
VisualStudioVersion = 17.5.002.0
MinimumVisualStudioVersion = 10.0.40219.1
Project("{9A19103F-16F7-4668-BE54-9A1E7A4F7556}") = "SignalrChat", "SignalrChat.csproj", "{AB35A67A-C86F-455E-A506-DBFCAB851493}"
EndProject
Global
	GlobalSection(SolutionConfigurationPlatforms) = preSolution
		Debug|Any CPU = Debug|Any CPU
		Release|Any CPU = Release|Any CPU
	EndGlobalSection
	GlobalSection(ProjectConfigurationPlatforms) = postSolution
		{AB35A67A-C86F-455E-A506-DBFCAB851493}.Debug|Any CPU.ActiveCfg = Debug|Any CPU
		{AB35A67A-C86F-455E-A506-DBFCAB851493}.Debug|Any CPU.Build.0 = Debug|Any CPU
		{AB35A67A-C86F-455E-A506-DBFCAB851493}.Release|Any CPU.ActiveCfg = Release|Any CPU
		{AB35A67A-C86F-455E-A506-DBFCAB851493}.Release|Any CPU.Build.0 = Release|Any CPU
	EndGlobalSection
	GlobalSection(SolutionProperties) = preSolution
		HideSolutionNode = FALSE
	EndGlobalSection
	GlobalSection(ExtensibilityGlobals) = postSolution
		SolutionGuid = {55D5CDD3-868A-443C-91DF-3E6D70E694E7}
	EndGlobalSection
EndGlobal
